<?xml version="1.0" encoding="utf-8"?>
<Project ToolsVersion="4.0" xmlns="http://schemas.microsoft.com/developer/msbuild/2003">
  <ItemGroup>
    <Filter Include="Main">
      <UniqueIdentifier>{4FC737F1-C7A5-4376-A066-2A32D752A2FF}</UniqueIdentifier>
      <Extensions>cpp;c;cc;cxx;def;odl;idl;hpj;bat;asm;asmx</Extensions>
    </Filter>
    <Filter Include="Utils">
      <UniqueIdentifier>{ad89cf24-f35e-4d0c-90e5-820c054c274d}</UniqueIdentifier>
    </Filter>
    <Filter Include="CoreModules">
      <UniqueIdentifier>{72b85efa-930b-4213-a8ec-2f0f817410d1}</UniqueIdentifier>
    </Filter>
    <Filter Include="GameModules">
      <UniqueIdentifier>{0d293aaa-58d4-4d09-ab2b-954e0c3e6fd7}</UniqueIdentifier>
    </Filter>
  </ItemGroup>
  <ItemGroup>
    <ClCompile Include="Main.cpp">
      <Filter>Main</Filter>
    </ClCompile>
    <ClCompile Include="Log.cpp">
      <Filter>Utils</Filter>
    </ClCompile>
    <ClCompile Include="Timer.cpp">
      <Filter>Utils</Filter>
    </ClCompile>
    <ClCompile Include="ModulePlayer.cpp">
      <Filter>GameModules</Filter>
    </ClCompile>
    <ClCompile Include="ModuleAudio.cpp">
      <Filter>CoreModules</Filter>
    </ClCompile>
    <ClCompile Include="ModuleTextures.cpp">
      <Filter>CoreModules</Filter>
    </ClCompile>
    <ClCompile Include="ModuleWindow.cpp">
      <Filter>CoreModules</Filter>
    </ClCompile>
    <ClCompile Include="ModuleInput.cpp">
      <Filter>CoreModules</Filter>
    </ClCompile>
    <ClCompile Include="ModuleRender.cpp">
      <Filter>CoreModules</Filter>
    </ClCompile>
    <ClCompile Include="ModuleRoad.cpp">
      <Filter>GameModules</Filter>
    </ClCompile>
    <ClCompile Include="Application.cpp">
      <Filter>Main</Filter>
    </ClCompile>
    <ClCompile Include="ModuleCars.cpp">
      <Filter>GameModules</Filter>
    </ClCompile>
    <ClCompile Include="ModuleDriver.cpp">
      <Filter>GameModules</Filter>
    </ClCompile>
    <ClCompile Include="ModuleCollision.cpp">
      <Filter>CoreModules</Filter>
    </ClCompile>
    <ClCompile Include="ModuleParticles.cpp">
      <Filter>CoreModules</Filter>
    </ClCompile>
    <ClCompile Include="RoadLine.cpp">
      <Filter>GameModules</Filter>
    </ClCompile>
    <ClCompile Include="RoadLoop.cpp">
      <Filter>GameModules</Filter>
    </ClCompile>
    <ClCompile Include="RoadSegment.cpp">
      <Filter>GameModules</Filter>
    </ClCompile>
    <ClCompile Include="RoadSegmentDefinition.cpp">
      <Filter>GameModules</Filter>
    </ClCompile>
    <ClCompile Include="ModuleCopter.cpp">
      <Filter>GameModules</Filter>
    </ClCompile>
    <ClCompile Include="ModuleUI.cpp">
      <Filter>GameModules</Filter>
    </ClCompile>
  </ItemGroup>
  <ItemGroup>
    <ClInclude Include="Animation.h">
      <Filter>Main</Filter>
    </ClInclude>
    <ClInclude Include="Application.h">
      <Filter>Main</Filter>
    </ClInclude>
    <ClInclude Include="Collider.h">
      <Filter>Main</Filter>
    </ClInclude>
    <ClInclude Include="Globals.h">
      <Filter>Main</Filter>
    </ClInclude>
    <ClInclude Include="Point.h">
      <Filter>Main</Filter>
    </ClInclude>
    <ClInclude Include="Timer.h">
      <Filter>Main</Filter>
    </ClInclude>
    <ClInclude Include="Animation.cpp">
      <Filter>Utils</Filter>
    </ClInclude>
    <ClInclude Include="AnimationMultiple.cpp">
      <Filter>Utils</Filter>
    </ClInclude>
    <ClInclude Include="ModulePlayer.h">
      <Filter>GameModules</Filter>
    </ClInclude>
    <ClInclude Include="Module.h">
      <Filter>CoreModules</Filter>
    </ClInclude>
    <ClInclude Include="ModuleAudio.h">
      <Filter>CoreModules</Filter>
    </ClInclude>
    <ClInclude Include="ModuleTextures.h">
      <Filter>CoreModules</Filter>
    </ClInclude>
    <ClInclude Include="ModuleWindow.h">
      <Filter>CoreModules</Filter>
    </ClInclude>
    <ClInclude Include="ModuleInput.h">
      <Filter>CoreModules</Filter>
    </ClInclude>
    <ClInclude Include="ModuleRender.h">
      <Filter>CoreModules</Filter>
    </ClInclude>
    <ClInclude Include="ModuleRoad.h">
      <Filter>GameModules</Filter>
    </ClInclude>
    <ClInclude Include="Collider.cpp">
      <Filter>Utils</Filter>
    </ClInclude>
    <ClInclude Include="ModuleCars.h">
      <Filter>GameModules</Filter>
    </ClInclude>
    <ClInclude Include="ModuleDriver.h">
      <Filter>GameModules</Filter>
    </ClInclude>
    <ClInclude Include="ModuleCollision.h">
      <Filter>CoreModules</Filter>
    </ClInclude>
    <ClInclude Include="ModuleParticles.h">
      <Filter>CoreModules</Filter>
    </ClInclude>
    <ClInclude Include="RoadLine.h">
      <Filter>GameModules</Filter>
    </ClInclude>
    <ClInclude Include="RoadLoop.h">
      <Filter>GameModules</Filter>
    </ClInclude>
    <ClInclude Include="RoadSegment.h">
      <Filter>GameModules</Filter>
    </ClInclude>
    <ClInclude Include="ModuleCopter.h">
      <Filter>GameModules</Filter>
    </ClInclude>
    <ClInclude Include="ModuleUI.h">
      <Filter>GameModules</Filter>
    </ClInclude>
  </ItemGroup>
</Project>